
Microsoft Visual Studio Solution File, Format Version 12.00
# Visual Studio Version 17
VisualStudioVersion = 17.4.33205.214
MinimumVisualStudioVersion = 10.0.40219.1
Project("{FAE04EC0-301F-11D3-BF4B-00C04F79EFBC}") = "CalculatorTest", "CalculatorTest\CalculatorTest.csproj", "{1E253D02-CF5C-444D-9E35-ADB8C875B8B5}"
EndProject
Project("{FAE04EC0-301F-11D3-BF4B-00C04F79EFBC}") = "Domain", "Calculator\Domain.csproj", "{E8C8E038-AD81-40B5-8F90-145A207DC200}"
EndProject
Global
	GlobalSection(SolutionConfigurationPlatforms) = preSolution
		Debug|Any CPU = Debug|Any CPU
		Release|Any CPU = Release|Any CPU
	EndGlobalSection
	GlobalSection(ProjectConfigurationPlatforms) = postSolution
		{1E253D02-CF5C-444D-9E35-ADB8C875B8B5}.Debug|Any CPU.ActiveCfg = Debug|Any CPU
		{1E253D02-CF5C-444D-9E35-ADB8C875B8B5}.Debug|Any CPU.Build.0 = Debug|Any CPU
		{1E253D02-CF5C-444D-9E35-ADB8C875B8B5}.Release|Any CPU.ActiveCfg = Release|Any CPU
		{1E253D02-CF5C-444D-9E35-ADB8C875B8B5}.Release|Any CPU.Build.0 = Release|Any CPU
		{E8C8E038-AD81-40B5-8F90-145A207DC200}.Debug|Any CPU.ActiveCfg = Debug|Any CPU
		{E8C8E038-AD81-40B5-8F90-145A207DC200}.Debug|Any CPU.Build.0 = Debug|Any CPU
		{E8C8E038-AD81-40B5-8F90-145A207DC200}.Release|Any CPU.ActiveCfg = Release|Any CPU
		{E8C8E038-AD81-40B5-8F90-145A207DC200}.Release|Any CPU.Build.0 = Release|Any CPU
	EndGlobalSection
	GlobalSection(SolutionProperties) = preSolution
		HideSolutionNode = FALSE
	EndGlobalSection
	GlobalSection(ExtensibilityGlobals) = postSolution
		SolutionGuid = {87D60065-F317-48EF-A052-606B535AE9CA}
	EndGlobalSection
EndGlobal
